
Microsoft Visual Studio Solution File, Format Version 12.00
# Visual Studio Version 16
VisualStudioVersion = 16.0.31005.135
MinimumVisualStudioVersion = 10.0.40219.1
Project("{FAE04EC0-301F-11D3-BF4B-00C04F79EFBC}") = "API", "API\API.csproj", "{32E45024-C770-4657-8003-FDBEB5411E2A}"
EndProject
Project("{FAE04EC0-301F-11D3-BF4B-00C04F79EFBC}") = "Application", "Application\Application.csproj", "{E10FAC86-E0CF-4D49-84BA-ECC727C2CD66}"
EndProject
Project("{FAE04EC0-301F-11D3-BF4B-00C04F79EFBC}") = "Domain", "Domain\Domain.csproj", "{7A117DA6-7FD9-456E-B1BE-FF06E503B828}"
EndProject
Project("{FAE04EC0-301F-11D3-BF4B-00C04F79EFBC}") = "Persistence", "Persistence\Persistence.csproj", "{5051B105-903F-41B0-8230-B9A88180DA72}"
EndProject
Global
	GlobalSection(SolutionConfigurationPlatforms) = preSolution
		Debug|Any CPU = Debug|Any CPU
		Release|Any CPU = Release|Any CPU
	EndGlobalSection
	GlobalSection(ProjectConfigurationPlatforms) = postSolution
		{32E45024-C770-4657-8003-FDBEB5411E2A}.Debug|Any CPU.ActiveCfg = Debug|Any CPU
		{32E45024-C770-4657-8003-FDBEB5411E2A}.Debug|Any CPU.Build.0 = Debug|Any CPU
		{32E45024-C770-4657-8003-FDBEB5411E2A}.Release|Any CPU.ActiveCfg = Release|Any CPU
		{32E45024-C770-4657-8003-FDBEB5411E2A}.Release|Any CPU.Build.0 = Release|Any CPU
		{E10FAC86-E0CF-4D49-84BA-ECC727C2CD66}.Debug|Any CPU.ActiveCfg = Debug|Any CPU
		{E10FAC86-E0CF-4D49-84BA-ECC727C2CD66}.Debug|Any CPU.Build.0 = Debug|Any CPU
		{E10FAC86-E0CF-4D49-84BA-ECC727C2CD66}.Release|Any CPU.ActiveCfg = Release|Any CPU
		{E10FAC86-E0CF-4D49-84BA-ECC727C2CD66}.Release|Any CPU.Build.0 = Release|Any CPU
		{7A117DA6-7FD9-456E-B1BE-FF06E503B828}.Debug|Any CPU.ActiveCfg = Debug|Any CPU
		{7A117DA6-7FD9-456E-B1BE-FF06E503B828}.Debug|Any CPU.Build.0 = Debug|Any CPU
		{7A117DA6-7FD9-456E-B1BE-FF06E503B828}.Release|Any CPU.ActiveCfg = Release|Any CPU
		{7A117DA6-7FD9-456E-B1BE-FF06E503B828}.Release|Any CPU.Build.0 = Release|Any CPU
		{5051B105-903F-41B0-8230-B9A88180DA72}.Debug|Any CPU.ActiveCfg = Debug|Any CPU
		{5051B105-903F-41B0-8230-B9A88180DA72}.Debug|Any CPU.Build.0 = Debug|Any CPU
		{5051B105-903F-41B0-8230-B9A88180DA72}.Release|Any CPU.ActiveCfg = Release|Any CPU
		{5051B105-903F-41B0-8230-B9A88180DA72}.Release|Any CPU.Build.0 = Release|Any CPU
	EndGlobalSection
	GlobalSection(SolutionProperties) = preSolution
		HideSolutionNode = FALSE
	EndGlobalSection
	GlobalSection(ExtensibilityGlobals) = postSolution
		SolutionGuid = {D812A3B4-F90F-441A-A8EE-B59F9DC4B59D}
	EndGlobalSection
EndGlobal
